
Microsoft Visual Studio Solution File, Format Version 12.00
Project("{FAE04EC0-301F-11D3-BF4B-00C04F79EFBC}") = "DynamicQuerying.Main", "DynamicQuerying.Main\DynamicQuerying.Main.csproj", "{48662921-47B6-44D3-B029-2C6F08295C9B}"
EndProject
Project("{FAE04EC0-301F-11D3-BF4B-00C04F79EFBC}") = "DynamicQuerying.Tests", "DynamicQuerying.Tests\DynamicQuerying.Tests.csproj", "{339469E0-9965-4806-A7D4-9A14FAB8645E}"
EndProject
Project("{FAE04EC0-301F-11D3-BF4B-00C04F79EFBC}") = "DynamicQuerying.Utility", "DynamicQuerying.Utility\DynamicQuerying.Utility.csproj", "{0044EE1E-DE36-4915-9A80-2DDCC7274DA8}"
EndProject
Project("{FAE04EC0-301F-11D3-BF4B-00C04F79EFBC}") = "DynamicQuerying.App", "DynamicQuerying.App\DynamicQuerying.App.csproj", "{3E20EBE4-79AF-42DE-90C9-A56D7E285F81}"
EndProject
Global
	GlobalSection(SolutionConfigurationPlatforms) = preSolution
		Debug|Any CPU = Debug|Any CPU
		Release|Any CPU = Release|Any CPU
	EndGlobalSection
	GlobalSection(ProjectConfigurationPlatforms) = postSolution
		{48662921-47B6-44D3-B029-2C6F08295C9B}.Debug|Any CPU.ActiveCfg = Debug|Any CPU
		{48662921-47B6-44D3-B029-2C6F08295C9B}.Debug|Any CPU.Build.0 = Debug|Any CPU
		{48662921-47B6-44D3-B029-2C6F08295C9B}.Release|Any CPU.ActiveCfg = Release|Any CPU
		{48662921-47B6-44D3-B029-2C6F08295C9B}.Release|Any CPU.Build.0 = Release|Any CPU
		{339469E0-9965-4806-A7D4-9A14FAB8645E}.Debug|Any CPU.ActiveCfg = Debug|Any CPU
		{339469E0-9965-4806-A7D4-9A14FAB8645E}.Debug|Any CPU.Build.0 = Debug|Any CPU
		{339469E0-9965-4806-A7D4-9A14FAB8645E}.Release|Any CPU.ActiveCfg = Release|Any CPU
		{339469E0-9965-4806-A7D4-9A14FAB8645E}.Release|Any CPU.Build.0 = Release|Any CPU
		{0044EE1E-DE36-4915-9A80-2DDCC7274DA8}.Debug|Any CPU.ActiveCfg = Debug|Any CPU
		{0044EE1E-DE36-4915-9A80-2DDCC7274DA8}.Debug|Any CPU.Build.0 = Debug|Any CPU
		{0044EE1E-DE36-4915-9A80-2DDCC7274DA8}.Release|Any CPU.ActiveCfg = Release|Any CPU
		{0044EE1E-DE36-4915-9A80-2DDCC7274DA8}.Release|Any CPU.Build.0 = Release|Any CPU
		{3E20EBE4-79AF-42DE-90C9-A56D7E285F81}.Debug|Any CPU.ActiveCfg = Debug|Any CPU
		{3E20EBE4-79AF-42DE-90C9-A56D7E285F81}.Debug|Any CPU.Build.0 = Debug|Any CPU
		{3E20EBE4-79AF-42DE-90C9-A56D7E285F81}.Release|Any CPU.ActiveCfg = Release|Any CPU
		{3E20EBE4-79AF-42DE-90C9-A56D7E285F81}.Release|Any CPU.Build.0 = Release|Any CPU
	EndGlobalSection
EndGlobal
